# THIS IS AN AUTOGENERATED FILE. DO NOT EDIT THIS FILE DIRECTLY.
# yarn lockfile v1


bindings@^1.2.1:
  version "1.2.1"
  resolved "https://registry.yarnpkg.com/bindings/-/bindings-1.2.1.tgz#14ad6113812d2d37d72e67b4cacb4bb726505f11"

lodash@^4.17.2:
  version "4.17.2"
  resolved "https://registry.yarnpkg.com/lodash/-/lodash-4.17.2.tgz#34a3055babe04ce42467b607d700072c7ff6bf42"

nan@^2.3.5:
  version "2.4.0"
  resolved "https://registry.yarnpkg.com/nan/-/nan-2.4.0.tgz#fb3c59d45fe4effe215f0b890f8adf6eb32d2232"

node-expat@^2.3.15:
  version "2.3.15"
  resolved "https://registry.yarnpkg.com/node-expat/-/node-expat-2.3.15.tgz#96a53a0bc00649daf78f4fc074a23e644c223b4c"
  dependencies:
    bindings "^1.2.1"
    nan "^2.3.5"
